// !$*UTF8*$!
{
	archiveVersion = 1;
	classes = {
	};
	objectVersion = 77;
	objects = {

/* Begin PBXContainerItemProxy section */
		CCF39D902CB7FD2C00F1FFDD /* PBXContainerItemProxy */ = {
			isa = PBXContainerItemProxy;
			containerPortal = CCF39D752CB7FD2900F1FFDD /* Project object */;
			proxyType = 1;
			remoteGlobalIDString = CCF39D7C2CB7FD2900F1FFDD;
			remoteInfo = iOSTaskApp;
		};
		CCF39D9A2CB7FD2C00F1FFDD /* PBXContainerItemProxy */ = {
			isa = PBXContainerItemProxy;
			containerPortal = CCF39D752CB7FD2900F1FFDD /* Project object */;
			proxyType = 1;
			remoteGlobalIDString = CCF39D7C2CB7FD2900F1FFDD;
			remoteInfo = iOSTaskApp;
		};
/* End PBXContainerItemProxy section */

/* Begin PBXFileReference section */
		CCF39D7D2CB7FD2900F1FFDD /* iOSTaskApp.app */ = {isa = PBXFileReference; explicitFileType = wrapper.application; includeInIndex = 0; path = iOSTaskApp.app; sourceTree = BUILT_PRODUCTS_DIR; };
		CCF39D8F2CB7FD2C00F1FFDD /* iOSTaskAppTests.xctest */ = {isa = PBXFileReference; explicitFileType = wrapper.cfbundle; includeInIndex = 0; path = iOSTaskAppTests.xctest; sourceTree = BUILT_PRODUCTS_DIR; };
		CCF39D992CB7FD2C00F1FFDD /* iOSTaskAppUITests.xctest */ = {isa = PBXFileReference; explicitFileType = wrapper.cfbundle; includeInIndex = 0; path = iOSTaskAppUITests.xctest; sourceTree = BUILT_PRODUCTS_DIR; };
/* End PBXFileReference section */

/* Begin PBXFileSystemSynchronizedBuildFileExceptionSet section */
		CC1E24472CEB49740048FF67 /* Exceptions for "iOSTaskApp" folder in "iOSTaskAppTests" target */ = {
			isa = PBXFileSystemSynchronizedBuildFileExceptionSet;
			membershipExceptions = (
				PackingModule/Bags/Bags.swift,
				PackingModule/Bags/Item.swift,
				PackingModule/PackingModuleDataClass.swift,
				PackingModule/Trip/Trip.swift,
			);
			target = CCF39D8E2CB7FD2C00F1FFDD /* iOSTaskAppTests */;
		};
		CCF39DB02CB7FD8E00F1FFDD /* Exceptions for "iOSTaskApp" folder in "iOSTaskApp" target */ = {
			isa = PBXFileSystemSynchronizedBuildFileExceptionSet;
			membershipExceptions = (
				Info.plist,
			);
			target = CCF39D7C2CB7FD2900F1FFDD /* iOSTaskApp */;
		};
/* End PBXFileSystemSynchronizedBuildFileExceptionSet section */

/* Begin PBXFileSystemSynchronizedRootGroup section */
		CCF39D7F2CB7FD2900F1FFDD /* iOSTaskApp */ = {
			isa = PBXFileSystemSynchronizedRootGroup;
			exceptions = (
				CCF39DB02CB7FD8E00F1FFDD /* Exceptions for "iOSTaskApp" folder in "iOSTaskApp" target */,
				CC1E24472CEB49740048FF67 /* Exceptions for "iOSTaskApp" folder in "iOSTaskAppTests" target */,
			);
			path = iOSTaskApp;
			sourceTree = "<group>";
		};
		CCF39D922CB7FD2C00F1FFDD /* iOSTaskAppTests */ = {
			isa = PBXFileSystemSynchronizedRootGroup;
			path = iOSTaskAppTests;
			sourceTree = "<group>";
		};
		CCF39D9C2CB7FD2C00F1FFDD /* iOSTaskAppUITests */ = {
			isa = PBXFileSystemSynchronizedRootGroup;
			path = iOSTaskAppUITests;
			sourceTree = "<group>";
		};
/* End PBXFileSystemSynchronizedRootGroup section */

/* Begin PBXFrameworksBuildPhase section */
		CCF39D7A2CB7FD2900F1FFDD /* Frameworks */ = {
			isa = PBXFrameworksBuildPhase;
			buildActionMask = 2147483647;
			files = (
			);
			runOnlyForDeploymentPostprocessing = 0;
		};
		CCF39D8C2CB7FD2C00F1FFDD /* Frameworks */ = {
			isa = PBXFrameworksBuildPhase;
			buildActionMask = 2147483647;
			files = (
			);
			runOnlyForDeploymentPostprocessing = 0;
		};
		CCF39D962CB7FD2C00F1FFDD /* Frameworks */ = {
			isa = PBXFrameworksBuildPhase;
			buildActionMask = 2147483647;
			files = (
			);
			runOnlyForDeploymentPostprocessing = 0;
		};
/* End PBXFrameworksBuildPhase section */

/* Begin PBXGroup section */
		CCF39D742CB7FD2900F1FFDD = {
			isa = PBXGroup;
			children = (
				CCF39D7F2CB7FD2900F1FFDD /* iOSTaskApp */,
				CCF39D922CB7FD2C00F1FFDD /* iOSTaskAppTests */,
				CCF39D9C2CB7FD2C00F1FFDD /* iOSTaskAppUITests */,
				CCF39D7E2CB7FD2900F1FFDD /* Products */,
			);
			sourceTree = "<group>";
		};
		CCF39D7E2CB7FD2900F1FFDD /* Products */ = {
			isa = PBXGroup;
			children = (
				CCF39D7D2CB7FD2900F1FFDD /* iOSTaskApp.app */,
				CCF39D8F2CB7FD2C00F1FFDD /* iOSTaskAppTests.xctest */,
				CCF39D992CB7FD2C00F1FFDD /* iOSTaskAppUITests.xctest */,
			);
			name = Products;
			sourceTree = "<group>";
		};
/* End PBXGroup section */

/* Begin PBXNativeTarget section */
		CCF39D7C2CB7FD2900F1FFDD /* iOSTaskApp */ = {
			isa = PBXNativeTarget;
			buildConfigurationList = CCF39DA32CB7FD2C00F1FFDD /* Build configuration list for PBXNativeTarget "iOSTaskApp" */;
			buildPhases = (
				CCF39D792CB7FD2900F1FFDD /* Sources */,
				CCF39D7A2CB7FD2900F1FFDD /* Frameworks */,
				CCF39D7B2CB7FD2900F1FFDD /* Resources */,
			);
			buildRules = (
			);
			dependencies = (
			);
			fileSystemSynchronizedGroups = (
				CCF39D7F2CB7FD2900F1FFDD /* iOSTaskApp */,
			);
			name = iOSTaskApp;
			packageProductDependencies = (
			);
			productName = iOSTaskApp;
			productReference = CCF39D7D2CB7FD2900F1FFDD /* iOSTaskApp.app */;
			productType = "com.apple.product-type.application";
		};
		CCF39D8E2CB7FD2C00F1FFDD /* iOSTaskAppTests */ = {
			isa = PBXNativeTarget;
			buildConfigurationList = CCF39DA62CB7FD2C00F1FFDD /* Build configuration list for PBXNativeTarget "iOSTaskAppTests" */;
			buildPhases = (
				CCF39D8B2CB7FD2C00F1FFDD /* Sources */,
				CCF39D8C2CB7FD2C00F1FFDD /* Frameworks */,
				CCF39D8D2CB7FD2C00F1FFDD /* Resources */,
			);
			buildRules = (
			);
			dependencies = (
				CCF39D912CB7FD2C00F1FFDD /* PBXTargetDependency */,
			);
			fileSystemSynchronizedGroups = (
				CCF39D922CB7FD2C00F1FFDD /* iOSTaskAppTests */,
			);
			name = iOSTaskAppTests;
			packageProductDependencies = (
			);
			productName = iOSTaskAppTests;
			productReference = CCF39D8F2CB7FD2C00F1FFDD /* iOSTaskAppTests.xctest */;
			productType = "com.apple.product-type.bundle.unit-test";
		};
		CCF39D982CB7FD2C00F1FFDD /* iOSTaskAppUITests */ = {
			isa = PBXNativeTarget;
			buildConfigurationList = CCF39DA92CB7FD2C00F1FFDD /* Build configuration list for PBXNativeTarget "iOSTaskAppUITests" */;
			buildPhases = (
				CCF39D952CB7FD2C00F1FFDD /* Sources */,
				CCF39D962CB7FD2C00F1FFDD /* Frameworks */,
				CCF39D972CB7FD2C00F1FFDD /* Resources */,
			);
			buildRules = (
			);
			dependencies = (
				CCF39D9B2CB7FD2C00F1FFDD /* PBXTargetDependency */,
			);
			fileSystemSynchronizedGroups = (
				CCF39D9C2CB7FD2C00F1FFDD /* iOSTaskAppUITests */,
			);
			name = iOSTaskAppUITests;
			packageProductDependencies = (
			);
			productName = iOSTaskAppUITests;
			productReference = CCF39D992CB7FD2C00F1FFDD /* iOSTaskAppUITests.xctest */;
			productType = "com.apple.product-type.bundle.ui-testing";
		};
/* End PBXNativeTarget section */

/* Begin PBXProject section */
		CCF39D752CB7FD2900F1FFDD /* Project object */ = {
			isa = PBXProject;
			attributes = {
				BuildIndependentTargetsInParallel = 1;
				LastSwiftUpdateCheck = 1600;
				LastUpgradeCheck = 1600;
				TargetAttributes = {
					CCF39D7C2CB7FD2900F1FFDD = {
						CreatedOnToolsVersion = 16.0;
					};
					CCF39D8E2CB7FD2C00F1FFDD = {
						CreatedOnToolsVersion = 16.0;
						TestTargetID = CCF39D7C2CB7FD2900F1FFDD;
					};
					CCF39D982CB7FD2C00F1FFDD = {
						CreatedOnToolsVersion = 16.0;
						TestTargetID = CCF39D7C2CB7FD2900F1FFDD;
					};
				};
			};
			buildConfigurationList = CCF39D782CB7FD2900F1FFDD /* Build configuration list for PBXProject "iOSTaskApp" */;
			developmentRegion = en;
			hasScannedForEncodings = 0;
			knownRegions = (
				en,
				Base,
			);
			mainGroup = CCF39D742CB7FD2900F1FFDD;
			minimizedProjectReferenceProxies = 1;
			preferredProjectObjectVersion = 77;
			productRefGroup = CCF39D7E2CB7FD2900F1FFDD /* Products */;
			projectDirPath = "";
			projectRoot = "";
			targets = (
				CCF39D7C2CB7FD2900F1FFDD /* iOSTaskApp */,
				CCF39D8E2CB7FD2C00F1FFDD /* iOSTaskAppTests */,
				CCF39D982CB7FD2C00F1FFDD /* iOSTaskAppUITests */,
			);
		};
/* End PBXProject section */

/* Begin PBXResourcesBuildPhase section */
		CCF39D7B2CB7FD2900F1FFDD /* Resources */ = {
			isa = PBXResourcesBuildPhase;
			buildActionMask = 2147483647;
			files = (
			);
			runOnlyForDeploymentPostprocessing = 0;
		};
		CCF39D8D2CB7FD2C00F1FFDD /* Resources */ = {
			isa = PBXResourcesBuildPhase;
			buildActionMask = 2147483647;
			files = (
			);
			runOnlyForDeploymentPostprocessing = 0;
		};
		CCF39D972CB7FD2C00F1FFDD /* Resources */ = {
			isa = PBXResourcesBuildPhase;
			buildActionMask = 2147483647;
			files = (
			);
			runOnlyForDeploymentPostprocessing = 0;
		};
/* End PBXResourcesBuildPhase section */

/* Begin PBXSourcesBuildPhase section */
		CCF39D792CB7FD2900F1FFDD /* Sources */ = {
			isa = PBXSourcesBuildPhase;
			buildActionMask = 2147483647;
			files = (
			);
			runOnlyForDeploymentPostprocessing = 0;
		};
		CCF39D8B2CB7FD2C00F1FFDD /* Sources */ = {
			isa = PBXSourcesBuildPhase;
			buildActionMask = 2147483647;
			files = (
			);
			runOnlyForDeploymentPostprocessing = 0;
		};
		CCF39D952CB7FD2C00F1FFDD /* Sources */ = {
			isa = PBXSourcesBuildPhase;
			buildActionMask = 2147483647;
			files = (
			);
			runOnlyForDeploymentPostprocessing = 0;
		};
/* End PBXSourcesBuildPhase section */

/* Begin PBXTargetDependency section */
		CCF39D912CB7FD2C00F1FFDD /* PBXTargetDependency */ = {
			isa = PBXTargetDependency;
			target = CCF39D7C2CB7FD2900F1FFDD /* iOSTaskApp */;
			targetProxy = CCF39D902CB7FD2C00F1FFDD /* PBXContainerItemProxy */;
		};
		CCF39D9B2CB7FD2C00F1FFDD /* PBXTargetDependency */ = {
			isa = PBXTargetDependency;
			target = CCF39D7C2CB7FD2900F1FFDD /* iOSTaskApp */;
			targetProxy = CCF39D9A2CB7FD2C00F1FFDD /* PBXContainerItemProxy */;
		};
/* End PBXTargetDependency section */

/* Begin XCBuildConfiguration section */
		CCF39DA12CB7FD2C00F1FFDD /* Debug */ = {
			isa = XCBuildConfiguration;
			buildSettings = {
				ALWAYS_SEARCH_USER_PATHS = NO;
				ASSETCATALOG_COMPILER_GENERATE_SWIFT_ASSET_SYMBOL_EXTENSIONS = YES;
				CLANG_ANALYZER_NONNULL = YES;
				CLANG_ANALYZER_NUMBER_OBJECT_CONVERSION = YES_AGGRESSIVE;
				CLANG_CXX_LANGUAGE_STANDARD = "gnu++20";
				CLANG_ENABLE_MODULES = YES;
				CLANG_ENABLE_OBJC_ARC = YES;
				CLANG_ENABLE_OBJC_WEAK = YES;
				CLANG_WARN_BLOCK_CAPTURE_AUTORELEASING = YES;
				CLANG_WARN_BOOL_CONVERSION = YES;
				CLANG_WARN_COMMA = YES;
				CLANG_WARN_CONSTANT_CONVERSION = YES;
				CLANG_WARN_DEPRECATED_OBJC_IMPLEMENTATIONS = YES;
				CLANG_WARN_DIRECT_OBJC_ISA_USAGE = YES_ERROR;
				CLANG_WARN_DOCUMENTATION_COMMENTS = YES;
				CLANG_WARN_EMPTY_BODY = YES;
				CLANG_WARN_ENUM_CONVERSION = YES;
				CLANG_WARN_INFINITE_RECURSION = YES;
				CLANG_WARN_INT_CONVERSION = YES;
				CLANG_WARN_NON_LITERAL_NULL_CONVERSION = YES;
				CLANG_WARN_OBJC_IMPLICIT_RETAIN_SELF = YES;
				CLANG_WARN_OBJC_LITERAL_CONVERSION = YES;
				CLANG_WARN_OBJC_ROOT_CLASS = YES_ERROR;
				CLANG_WARN_QUOTED_INCLUDE_IN_FRAMEWORK_HEADER = YES;
				CLANG_WARN_RANGE_LOOP_ANALYSIS = YES;
				CLANG_WARN_STRICT_PROTOTYPES = YES;
				CLANG_WARN_SUSPICIOUS_MOVE = YES;
				CLANG_WARN_UNGUARDED_AVAILABILITY = YES_AGGRESSIVE;
				CLANG_WARN_UNREACHABLE_CODE = YES;
				CLANG_WARN__DUPLICATE_METHOD_MATCH = YES;
				COPY_PHASE_STRIP = NO;
				DEBUG_INFORMATION_FORMAT = dwarf;
				ENABLE_STRICT_OBJC_MSGSEND = YES;
				ENABLE_TESTABILITY = YES;
				ENABLE_USER_SCRIPT_SANDBOXING = YES;
				GCC_C_LANGUAGE_STANDARD = gnu17;
				GCC_DYNAMIC_NO_PIC = NO;
				GCC_NO_COMMON_BLOCKS = YES;
				GCC_OPTIMIZATION_LEVEL = 0;
				GCC_PREPROCESSOR_DEFINITIONS = (
					"DEBUG=1",
					"$(inherited)",
				);
				GCC_WARN_64_TO_32_BIT_CONVERSION = YES;
				GCC_WARN_ABOUT_RETURN_TYPE = YES_ERROR;
				GCC_WARN_UNDECLARED_SELECTOR = YES;
				GCC_WARN_UNINITIALIZED_AUTOS = YES_AGGRESSIVE;
				GCC_WARN_UNUSED_FUNCTION = YES;
				GCC_WARN_UNUSED_VARIABLE = YES;
				IPHONEOS_DEPLOYMENT_TARGET = 18.0;
				LOCALIZATION_PREFERS_STRING_CATALOGS = YES;
				MTL_ENABLE_DEBUG_INFO = INCLUDE_SOURCE;
				MTL_FAST_MATH = YES;
				ONLY_ACTIVE_ARCH = YES;
				SDKROOT = iphoneos;
				SWIFT_ACTIVE_COMPILATION_CONDITIONS = "DEBUG $(inherited)";
				SWIFT_OPTIMIZATION_LEVEL = "-Onone";
			};
			name = Debug;
		};
		CCF39DA22CB7FD2C00F1FFDD /* Release */ = {
			isa = XCBuildConfiguration;
			buildSettings = {
				ALWAYS_SEARCH_USER_PATHS = NO;
				ASSETCATALOG_COMPILER_GENERATE_SWIFT_ASSET_SYMBOL_EXTENSIONS = YES;
				CLANG_ANALYZER_NONNULL = YES;
				CLANG_ANALYZER_NUMBER_OBJECT_CONVERSION = YES_AGGRESSIVE;
				CLANG_CXX_LANGUAGE_STANDARD = "gnu++20";
				CLANG_ENABLE_MODULES = YES;
				CLANG_ENABLE_OBJC_ARC = YES;
				CLANG_ENABLE_OBJC_WEAK = YES;
				CLANG_WARN_BLOCK_CAPTURE_AUTORELEASING = YES;
				CLANG_WARN_BOOL_CONVERSION = YES;
				CLANG_WARN_COMMA = YES;
				CLANG_WARN_CONSTANT_CONVERSION = YES;
				CLANG_WARN_DEPRECATED_OBJC_IMPLEMENTATIONS = YES;
				CLANG_WARN_DIRECT_OBJC_ISA_USAGE = YES_ERROR;
				CLANG_WARN_DOCUMENTATION_COMMENTS = YES;
				CLANG_WARN_EMPTY_BODY = YES;
				CLANG_WARN_ENUM_CONVERSION = YES;
				CLANG_WARN_INFINITE_RECURSION = YES;
				CLANG_WARN_INT_CONVERSION = YES;
				CLANG_WARN_NON_LITERAL_NULL_CONVERSION = YES;
				CLANG_WARN_OBJC_IMPLICIT_RETAIN_SELF = YES;
				CLANG_WARN_OBJC_LITERAL_CONVERSION = YES;
				CLANG_WARN_OBJC_ROOT_CLASS = YES_ERROR;
				CLANG_WARN_QUOTED_INCLUDE_IN_FRAMEWORK_HEADER = YES;
				CLANG_WARN_RANGE_LOOP_ANALYSIS = YES;
				CLANG_WARN_STRICT_PROTOTYPES = YES;
				CLANG_WARN_SUSPICIOUS_MOVE = YES;
				CLANG_WARN_UNGUARDED_AVAILABILITY = YES_AGGRESSIVE;
				CLANG_WARN_UNREACHABLE_CODE = YES;
				CLANG_WARN__DUPLICATE_METHOD_MATCH = YES;
				COPY_PHASE_STRIP = NO;
				DEBUG_INFORMATION_FORMAT = "dwarf-with-dsym";
				ENABLE_NS_ASSERTIONS = NO;
				ENABLE_STRICT_OBJC_MSGSEND = YES;
				ENABLE_USER_SCRIPT_SANDBOXING = YES;
				GCC_C_LANGUAGE_STANDARD = gnu17;
				GCC_NO_COMMON_BLOCKS = YES;
				GCC_WARN_64_TO_32_BIT_CONVERSION = YES;
				GCC_WARN_ABOUT_RETURN_TYPE = YES_ERROR;
				GCC_WARN_UNDECLARED_SELECTOR = YES;
				GCC_WARN_UNINITIALIZED_AUTOS = YES_AGGRESSIVE;
				GCC_WARN_UNUSED_FUNCTION = YES;
				GCC_WARN_UNUSED_VARIABLE = YES;
				IPHONEOS_DEPLOYMENT_TARGET = 18.0;
				LOCALIZATION_PREFERS_STRING_CATALOGS = YES;
				MTL_ENABLE_DEBUG_INFO = NO;
				MTL_FAST_MATH = YES;
				SDKROOT = iphoneos;
				SWIFT_COMPILATION_MODE = wholemodule;
				VALIDATE_PRODUCT = YES;
			};
			name = Release;
		};
		CCF39DA42CB7FD2C00F1FFDD /* Debug */ = {
			isa = XCBuildConfiguration;
			buildSettings = {
				ASSETCATALOG_COMPILER_APPICON_NAME = AppIcon;
				ASSETCATALOG_COMPILER_GLOBAL_ACCENT_COLOR_NAME = AccentColor;
				ASSETCATALOG_COMPILER_INCLUDE_ALL_APPICON_ASSETS = NO;
				CODE_SIGN_IDENTITY = "Apple Development";
				CODE_SIGN_STYLE = Automatic;
				CURRENT_PROJECT_VERSION = 5;
				DEVELOPMENT_ASSET_PATHS = "\"iOSTaskApp/Preview Content\"";
				DEVELOPMENT_TEAM = DBYD5J255B;
				ENABLE_PREVIEWS = YES;
				GENERATE_INFOPLIST_FILE = YES;
				INFOPLIST_FILE = iOSTaskApp/Info.plist;
				INFOPLIST_KEY_LSApplicationCategoryType = "public.app-category.utilities";
				INFOPLIST_KEY_UIApplicationSceneManifest_Generation = YES;
				INFOPLIST_KEY_UIApplicationSupportsIndirectInputEvents = YES;
				INFOPLIST_KEY_UILaunchScreen_Generation = YES;
				INFOPLIST_KEY_UIStatusBarStyle = "";
				INFOPLIST_KEY_UISupportedInterfaceOrientations = UIInterfaceOrientationPortrait;
				INFOPLIST_KEY_UISupportedInterfaceOrientations_iPad = "UIInterfaceOrientationLandscapeLeft UIInterfaceOrientationLandscapeRight UIInterfaceOrientationPortrait UIInterfaceOrientationPortraitUpsideDown";
				LD_RUNPATH_SEARCH_PATHS = (
					"$(inherited)",
					"@executable_path/Frameworks",
				);
				MARKETING_VERSION = 1.0.3;
				PRODUCT_BUNDLE_IDENTIFIER = com.lukas.iOSTaskApp;
				PRODUCT_NAME = "$(TARGET_NAME)";
				PROVISIONING_PROFILE_SPECIFIER = "";
				SWIFT_EMIT_LOC_STRINGS = YES;
				SWIFT_VERSION = 5.0;
				TARGETED_DEVICE_FAMILY = 1;
			};
			name = Debug;
		};
		CCF39DA52CB7FD2C00F1FFDD /* Release */ = {
			isa = XCBuildConfiguration;
			buildSettings = {
				ASSETCATALOG_COMPILER_APPICON_NAME = AppIcon;
				ASSETCATALOG_COMPILER_GLOBAL_ACCENT_COLOR_NAME = AccentColor;
				ASSETCATALOG_COMPILER_INCLUDE_ALL_APPICON_ASSETS = NO;
				CODE_SIGN_IDENTITY = "Apple Distribution";
				"CODE_SIGN_IDENTITY[sdk=iphoneos*]" = "iPhone Distribution";
				CODE_SIGN_STYLE = Manual;
				CURRENT_PROJECT_VERSION = 5;
				DEVELOPMENT_ASSET_PATHS = "\"iOSTaskApp/Preview Content\"";
				DEVELOPMENT_TEAM = "";
				"DEVELOPMENT_TEAM[sdk=iphoneos*]" = DBYD5J255B;
				ENABLE_PREVIEWS = YES;
				GENERATE_INFOPLIST_FILE = YES;
				INFOPLIST_FILE = iOSTaskApp/Info.plist;
				INFOPLIST_KEY_LSApplicationCategoryType = "public.app-category.utilities";
				INFOPLIST_KEY_UIApplicationSceneManifest_Generation = YES;
				INFOPLIST_KEY_UIApplicationSupportsIndirectInputEvents = YES;
				INFOPLIST_KEY_UILaunchScreen_Generation = YES;
				INFOPLIST_KEY_UIStatusBarStyle = "";
				INFOPLIST_KEY_UISupportedInterfaceOrientations = UIInterfaceOrientationPortrait;
				INFOPLIST_KEY_UISupportedInterfaceOrientations_iPad = "UIInterfaceOrientationLandscapeLeft UIInterfaceOrientationLandscapeRight UIInterfaceOrientationPortrait UIInterfaceOrientationPortraitUpsideDown";
				LD_RUNPATH_SEARCH_PATHS = (
					"$(inherited)",
					"@executable_path/Frameworks",
				);
				MARKETING_VERSION = 1.0.3;
				PRODUCT_BUNDLE_IDENTIFIER = com.lukas.iOSTaskApp;
				PRODUCT_NAME = "$(TARGET_NAME)";
				PROVISIONING_PROFILE_SPECIFIER = TaskApp;
				"PROVISIONING_PROFILE_SPECIFIER[sdk=iphoneos*]" = TaskApp;
				SWIFT_EMIT_LOC_STRINGS = YES;
				SWIFT_VERSION = 5.0;
				TARGETED_DEVICE_FAMILY = 1;
			};
			name = Release;
		};
		CCF39DA72CB7FD2C00F1FFDD /* Debug */ = {
			isa = XCBuildConfiguration;
			buildSettings = {
				BUNDLE_LOADER = "$(TEST_HOST)";
				CODE_SIGN_STYLE = Automatic;
				CURRENT_PROJECT_VERSION = 1;
				DEVELOPMENT_TEAM = DBYD5J255B;
				GENERATE_INFOPLIST_FILE = YES;
				IPHONEOS_DEPLOYMENT_TARGET = 18.0;
				MARKETING_VERSION = 1.0;
				PRODUCT_BUNDLE_IDENTIFIER = com.lukas.iOSTaskAppTests;
				PRODUCT_NAME = "$(TARGET_NAME)";
				SWIFT_EMIT_LOC_STRINGS = NO;
				SWIFT_VERSION = 5.0;
				TARGETED_DEVICE_FAMILY = "1,2";
				TEST_HOST = "$(BUILT_PRODUCTS_DIR)/iOSTaskApp.app/$(BUNDLE_EXECUTABLE_FOLDER_PATH)/iOSTaskApp";
			};
			name = Debug;
		};
		CCF39DA82CB7FD2C00F1FFDD /* Release */ = {
			isa = XCBuildConfiguration;
			buildSettings = {
				BUNDLE_LOADER = "$(TEST_HOST)";
				CODE_SIGN_STYLE = Automatic;
				CURRENT_PROJECT_VERSION = 1;
				DEVELOPMENT_TEAM = DBYD5J255B;
				GENERATE_INFOPLIST_FILE = YES;
				IPHONEOS_DEPLOYMENT_TARGET = 18.0;
				MARKETING_VERSION = 1.0;
				PRODUCT_BUNDLE_IDENTIFIER = com.lukas.iOSTaskAppTests;
				PRODUCT_NAME = "$(TARGET_NAME)";
				SWIFT_EMIT_LOC_STRINGS = NO;
				SWIFT_VERSION = 5.0;
				TARGETED_DEVICE_FAMILY = "1,2";
				TEST_HOST = "$(BUILT_PRODUCTS_DIR)/iOSTaskApp.app/$(BUNDLE_EXECUTABLE_FOLDER_PATH)/iOSTaskApp";
			};
			name = Release;
		};
		CCF39DAA2CB7FD2C00F1FFDD /* Debug */ = {
			isa = XCBuildConfiguration;
			buildSettings = {
				CODE_SIGN_STYLE = Automatic;
				CURRENT_PROJECT_VERSION = 1;
				DEVELOPMENT_TEAM = DBYD5J255B;
				GENERATE_INFOPLIST_FILE = YES;
				IPHONEOS_DEPLOYMENT_TARGET = 17.0;
				MARKETING_VERSION = 1.0;
				PRODUCT_BUNDLE_IDENTIFIER = com.lukas.iOSTaskAppUITest;
				PRODUCT_NAME = "$(TARGET_NAME)";
				SWIFT_EMIT_LOC_STRINGS = NO;
				SWIFT_VERSION = 5.0;
				TARGETED_DEVICE_FAMILY = "1,2";
				TEST_TARGET_NAME = iOSTaskApp;
			};
			name = Debug;
		};
		CCF39DAB2CB7FD2C00F1FFDD /* Release */ = {
			isa = XCBuildConfiguration;
			buildSettings = {
				CODE_SIGN_STYLE = Automatic;
				CURRENT_PROJECT_VERSION = 1;
				DEVELOPMENT_TEAM = DBYD5J255B;
				GENERATE_INFOPLIST_FILE = YES;
				IPHONEOS_DEPLOYMENT_TARGET = 17.0;
				MARKETING_VERSION = 1.0;
				PRODUCT_BUNDLE_IDENTIFIER = com.lukas.iOSTaskAppUITest;
				PRODUCT_NAME = "$(TARGET_NAME)";
				SWIFT_EMIT_LOC_STRINGS = NO;
				SWIFT_VERSION = 5.0;
				TARGETED_DEVICE_FAMILY = "1,2";
				TEST_TARGET_NAME = iOSTaskApp;
			};
			name = Release;
		};
/* End XCBuildConfiguration section */

/* Begin XCConfigurationList section */
		CCF39D782CB7FD2900F1FFDD /* Build configuration list for PBXProject "iOSTaskApp" */ = {
			isa = XCConfigurationList;
			buildConfigurations = (
				CCF39DA12CB7FD2C00F1FFDD /* Debug */,
				CCF39DA22CB7FD2C00F1FFDD /* Release */,
			);
			defaultConfigurationIsVisible = 0;
			defaultConfigurationName = Release;
		};
		CCF39DA32CB7FD2C00F1FFDD /* Build configuration list for PBXNativeTarget "iOSTaskApp" */ = {
			isa = XCConfigurationList;
			buildConfigurations = (
				CCF39DA42CB7FD2C00F1FFDD /* Debug */,
				CCF39DA52CB7FD2C00F1FFDD /* Release */,
			);
			defaultConfigurationIsVisible = 0;
			defaultConfigurationName = Release;
		};
		CCF39DA62CB7FD2C00F1FFDD /* Build configuration list for PBXNativeTarget "iOSTaskAppTests" */ = {
			isa = XCConfigurationList;
			buildConfigurations = (
				CCF39DA72CB7FD2C00F1FFDD /* Debug */,
				CCF39DA82CB7FD2C00F1FFDD /* Release */,
			);
			defaultConfigurationIsVisible = 0;
			defaultConfigurationName = Release;
		};
		CCF39DA92CB7FD2C00F1FFDD /* Build configuration list for PBXNativeTarget "iOSTaskAppUITests" */ = {
			isa = XCConfigurationList;
			buildConfigurations = (
				CCF39DAA2CB7FD2C00F1FFDD /* Debug */,
				CCF39DAB2CB7FD2C00F1FFDD /* Release */,
			);
			defaultConfigurationIsVisible = 0;
			defaultConfigurationName = Release;
		};
/* End XCConfigurationList section */
	};
	rootObject = CCF39D752CB7FD2900F1FFDD /* Project object */;
}
